
Microsoft Visual Studio Solution File, Format Version 12.00
# Visual Studio Version 17
VisualStudioVersion = 17.11.35312.102
MinimumVisualStudioVersion = 10.0.40219.1
Project("{FAE04EC0-301F-11D3-BF4B-00C04F79EFBC}") = "Toolbox", "toolbox\Toolbox.csproj", "{66F82494-47B0-44B5-B690-0FFB62AB7EC2}"
EndProject
Project("{FAE04EC0-301F-11D3-BF4B-00C04F79EFBC}") = "Toolbox.UsageSamples", "Toolbox.UsageSamples\Toolbox.UsageSamples.csproj", "{9359387E-43E2-4044-830D-EEA5D086045D}"
EndProject
Global
	GlobalSection(SolutionConfigurationPlatforms) = preSolution
		Debug|Any CPU = Debug|Any CPU
		Release|Any CPU = Release|Any CPU
	EndGlobalSection
	GlobalSection(ProjectConfigurationPlatforms) = postSolution
		{66F82494-47B0-44B5-B690-0FFB62AB7EC2}.Debug|Any CPU.ActiveCfg = Debug|Any CPU
		{66F82494-47B0-44B5-B690-0FFB62AB7EC2}.Debug|Any CPU.Build.0 = Debug|Any CPU
		{66F82494-47B0-44B5-B690-0FFB62AB7EC2}.Release|Any CPU.ActiveCfg = Release|Any CPU
		{66F82494-47B0-44B5-B690-0FFB62AB7EC2}.Release|Any CPU.Build.0 = Release|Any CPU
		{9359387E-43E2-4044-830D-EEA5D086045D}.Debug|Any CPU.ActiveCfg = Debug|Any CPU
		{9359387E-43E2-4044-830D-EEA5D086045D}.Debug|Any CPU.Build.0 = Debug|Any CPU
		{9359387E-43E2-4044-830D-EEA5D086045D}.Release|Any CPU.ActiveCfg = Release|Any CPU
		{9359387E-43E2-4044-830D-EEA5D086045D}.Release|Any CPU.Build.0 = Release|Any CPU
	EndGlobalSection
	GlobalSection(SolutionProperties) = preSolution
		HideSolutionNode = FALSE
	EndGlobalSection
	GlobalSection(ExtensibilityGlobals) = postSolution
		SolutionGuid = {016133E5-9103-4611-8844-C0221A3B3BE5}
	EndGlobalSection
EndGlobal
